// !$*UTF8*$!
{
	archiveVersion = 1;
	classes = {
	};
	objectVersion = 50;
	objects = {

/* Begin PBXBuildFile section */
		84AA641021E3D311001A3D08 /* AppDelegate.swift in Sources */ = {isa = PBXBuildFile; fileRef = 84AA640F21E3D311001A3D08 /* AppDelegate.swift */; };
		84AA641221E3D311001A3D08 /* ViewController.swift in Sources */ = {isa = PBXBuildFile; fileRef = 84AA641121E3D311001A3D08 /* ViewController.swift */; };
		84AA641521E3D311001A3D08 /* Main.storyboard in Resources */ = {isa = PBXBuildFile; fileRef = 84AA641321E3D311001A3D08 /* Main.storyboard */; };
		84AA641721E3D312001A3D08 /* Assets.xcassets in Resources */ = {isa = PBXBuildFile; fileRef = 84AA641621E3D312001A3D08 /* Assets.xcassets */; };
		84AA641A21E3D312001A3D08 /* LaunchScreen.storyboard in Resources */ = {isa = PBXBuildFile; fileRef = 84AA641821E3D312001A3D08 /* LaunchScreen.storyboard */; };
		84AA642521E3D312001A3D08 /* NRF_Actividad01Tests.swift in Sources */ = {isa = PBXBuildFile; fileRef = 84AA642421E3D312001A3D08 /* NRF_Actividad01Tests.swift */; };
		84AA643021E3D312001A3D08 /* NRF_Actividad01UITests.swift in Sources */ = {isa = PBXBuildFile; fileRef = 84AA642F21E3D312001A3D08 /* NRF_Actividad01UITests.swift */; };
		84AA644021E3DE05001A3D08 /* Persona.swift in Sources */ = {isa = PBXBuildFile; fileRef = 84AA643F21E3DE05001A3D08 /* Persona.swift */; };
		84AA644221E3DF05001A3D08 /* BaseDatos.swift in Sources */ = {isa = PBXBuildFile; fileRef = 84AA644121E3DF05001A3D08 /* BaseDatos.swift */; };
		84AA644C21E3F7FE001A3D08 /* RecuperaPController.swift in Sources */ = {isa = PBXBuildFile; fileRef = 84AA644B21E3F7FE001A3D08 /* RecuperaPController.swift */; };
		84AA644E21E3F90D001A3D08 /* RegistroUController.swift in Sources */ = {isa = PBXBuildFile; fileRef = 84AA644D21E3F90D001A3D08 /* RegistroUController.swift */; };
		84AA64CE21E647A6001A3D08 /* Constantes.swift in Sources */ = {isa = PBXBuildFile; fileRef = 84AA64CD21E647A6001A3D08 /* Constantes.swift */; };
		84AA64D021E649D6001A3D08 /* Extension.swift in Sources */ = {isa = PBXBuildFile; fileRef = 84AA64CF21E649D6001A3D08 /* Extension.swift */; };
		84AA64D221E64A6D001A3D08 /* LoginViewController.swift in Sources */ = {isa = PBXBuildFile; fileRef = 84AA64D121E64A6D001A3D08 /* LoginViewController.swift */; };
		84AA650E21E6869F001A3D08 /* SitioController.swift in Sources */ = {isa = PBXBuildFile; fileRef = 84AA650D21E6869F001A3D08 /* SitioController.swift */; };
		84AA651021E686D9001A3D08 /* MisEmpleadosController.swift in Sources */ = {isa = PBXBuildFile; fileRef = 84AA650F21E686D9001A3D08 /* MisEmpleadosController.swift */; };
		84AA651221E68734001A3D08 /* RutasCobranzaController.swift in Sources */ = {isa = PBXBuildFile; fileRef = 84AA651121E68734001A3D08 /* RutasCobranzaController.swift */; };
/* End PBXBuildFile section */

/* Begin PBXContainerItemProxy section */
		84AA642121E3D312001A3D08 /* PBXContainerItemProxy */ = {
			isa = PBXContainerItemProxy;
			containerPortal = 84AA640421E3D311001A3D08 /* Project object */;
			proxyType = 1;
			remoteGlobalIDString = 84AA640B21E3D311001A3D08;
			remoteInfo = NRF_Actividad01;
		};
		84AA642C21E3D312001A3D08 /* PBXContainerItemProxy */ = {
			isa = PBXContainerItemProxy;
			containerPortal = 84AA640421E3D311001A3D08 /* Project object */;
			proxyType = 1;
			remoteGlobalIDString = 84AA640B21E3D311001A3D08;
			remoteInfo = NRF_Actividad01;
		};
/* End PBXContainerItemProxy section */

/* Begin PBXFileReference section */
		84AA640C21E3D311001A3D08 /* NRF_Actividad01.app */ = {isa = PBXFileReference; explicitFileType = wrapper.application; includeInIndex = 0; path = NRF_Actividad01.app; sourceTree = BUILT_PRODUCTS_DIR; };
		84AA640F21E3D311001A3D08 /* AppDelegate.swift */ = {isa = PBXFileReference; lastKnownFileType = sourcecode.swift; path = AppDelegate.swift; sourceTree = "<group>"; };
		84AA641121E3D311001A3D08 /* ViewController.swift */ = {isa = PBXFileReference; lastKnownFileType = sourcecode.swift; path = ViewController.swift; sourceTree = "<group>"; };
		84AA641421E3D311001A3D08 /* Base */ = {isa = PBXFileReference; lastKnownFileType = file.storyboard; name = Base; path = Base.lproj/Main.storyboard; sourceTree = "<group>"; };
		84AA641621E3D312001A3D08 /* Assets.xcassets */ = {isa = PBXFileReference; lastKnownFileType = folder.assetcatalog; path = Assets.xcassets; sourceTree = "<group>"; };
		84AA641921E3D312001A3D08 /* Base */ = {isa = PBXFileReference; lastKnownFileType = file.storyboard; name = Base; path = Base.lproj/LaunchScreen.storyboard; sourceTree = "<group>"; };
		84AA641B21E3D312001A3D08 /* Info.plist */ = {isa = PBXFileReference; lastKnownFileType = text.plist.xml; path = Info.plist; sourceTree = "<group>"; };
		84AA642021E3D312001A3D08 /* NRF_Actividad01Tests.xctest */ = {isa = PBXFileReference; explicitFileType = wrapper.cfbundle; includeInIndex = 0; path = NRF_Actividad01Tests.xctest; sourceTree = BUILT_PRODUCTS_DIR; };
		84AA642421E3D312001A3D08 /* NRF_Actividad01Tests.swift */ = {isa = PBXFileReference; lastKnownFileType = sourcecode.swift; path = NRF_Actividad01Tests.swift; sourceTree = "<group>"; };
		84AA642621E3D312001A3D08 /* Info.plist */ = {isa = PBXFileReference; lastKnownFileType = text.plist.xml; path = Info.plist; sourceTree = "<group>"; };
		84AA642B21E3D312001A3D08 /* NRF_Actividad01UITests.xctest */ = {isa = PBXFileReference; explicitFileType = wrapper.cfbundle; includeInIndex = 0; path = NRF_Actividad01UITests.xctest; sourceTree = BUILT_PRODUCTS_DIR; };
		84AA642F21E3D312001A3D08 /* NRF_Actividad01UITests.swift */ = {isa = PBXFileReference; lastKnownFileType = sourcecode.swift; path = NRF_Actividad01UITests.swift; sourceTree = "<group>"; };
		84AA643121E3D312001A3D08 /* Info.plist */ = {isa = PBXFileReference; lastKnownFileType = text.plist.xml; path = Info.plist; sourceTree = "<group>"; };
		84AA643F21E3DE05001A3D08 /* Persona.swift */ = {isa = PBXFileReference; lastKnownFileType = sourcecode.swift; path = Persona.swift; sourceTree = "<group>"; };
		84AA644121E3DF05001A3D08 /* BaseDatos.swift */ = {isa = PBXFileReference; lastKnownFileType = sourcecode.swift; path = BaseDatos.swift; sourceTree = "<group>"; };
		84AA644B21E3F7FE001A3D08 /* RecuperaPController.swift */ = {isa = PBXFileReference; lastKnownFileType = sourcecode.swift; path = RecuperaPController.swift; sourceTree = "<group>"; };
		84AA644D21E3F90D001A3D08 /* RegistroUController.swift */ = {isa = PBXFileReference; lastKnownFileType = sourcecode.swift; path = RegistroUController.swift; sourceTree = "<group>"; };
		84AA64CD21E647A6001A3D08 /* Constantes.swift */ = {isa = PBXFileReference; lastKnownFileType = sourcecode.swift; path = Constantes.swift; sourceTree = "<group>"; };
		84AA64CF21E649D6001A3D08 /* Extension.swift */ = {isa = PBXFileReference; lastKnownFileType = sourcecode.swift; path = Extension.swift; sourceTree = "<group>"; };
		84AA64D121E64A6D001A3D08 /* LoginViewController.swift */ = {isa = PBXFileReference; lastKnownFileType = sourcecode.swift; path = LoginViewController.swift; sourceTree = "<group>"; };
		84AA650D21E6869F001A3D08 /* SitioController.swift */ = {isa = PBXFileReference; lastKnownFileType = sourcecode.swift; path = SitioController.swift; sourceTree = "<group>"; };
		84AA650F21E686D9001A3D08 /* MisEmpleadosController.swift */ = {isa = PBXFileReference; lastKnownFileType = sourcecode.swift; path = MisEmpleadosController.swift; sourceTree = "<group>"; };
		84AA651121E68734001A3D08 /* RutasCobranzaController.swift */ = {isa = PBXFileReference; lastKnownFileType = sourcecode.swift; path = RutasCobranzaController.swift; sourceTree = "<group>"; };
/* End PBXFileReference section */

/* Begin PBXFrameworksBuildPhase section */
		84AA640921E3D311001A3D08 /* Frameworks */ = {
			isa = PBXFrameworksBuildPhase;
			buildActionMask = 2147483647;
			files = (
			);
			runOnlyForDeploymentPostprocessing = 0;
		};
		84AA641D21E3D312001A3D08 /* Frameworks */ = {
			isa = PBXFrameworksBuildPhase;
			buildActionMask = 2147483647;
			files = (
			);
			runOnlyForDeploymentPostprocessing = 0;
		};
		84AA642821E3D312001A3D08 /* Frameworks */ = {
			isa = PBXFrameworksBuildPhase;
			buildActionMask = 2147483647;
			files = (
			);
			runOnlyForDeploymentPostprocessing = 0;
		};
/* End PBXFrameworksBuildPhase section */

/* Begin PBXGroup section */
		84AA640321E3D311001A3D08 = {
			isa = PBXGroup;
			children = (
				84AA640E21E3D311001A3D08 /* NRF_Actividad01 */,
				84AA642321E3D312001A3D08 /* NRF_Actividad01Tests */,
				84AA642E21E3D312001A3D08 /* NRF_Actividad01UITests */,
				84AA640D21E3D311001A3D08 /* Products */,
			);
			sourceTree = "<group>";
		};
		84AA640D21E3D311001A3D08 /* Products */ = {
			isa = PBXGroup;
			children = (
				84AA640C21E3D311001A3D08 /* NRF_Actividad01.app */,
				84AA642021E3D312001A3D08 /* NRF_Actividad01Tests.xctest */,
				84AA642B21E3D312001A3D08 /* NRF_Actividad01UITests.xctest */,
			);
			name = Products;
			sourceTree = "<group>";
		};
		84AA640E21E3D311001A3D08 /* NRF_Actividad01 */ = {
			isa = PBXGroup;
			children = (
				84AA640F21E3D311001A3D08 /* AppDelegate.swift */,
				84AA641121E3D311001A3D08 /* ViewController.swift */,
				84AA641321E3D311001A3D08 /* Main.storyboard */,
				84AA641621E3D312001A3D08 /* Assets.xcassets */,
				84AA641821E3D312001A3D08 /* LaunchScreen.storyboard */,
				84AA641B21E3D312001A3D08 /* Info.plist */,
				84AA643F21E3DE05001A3D08 /* Persona.swift */,
				84AA644121E3DF05001A3D08 /* BaseDatos.swift */,
				84AA644B21E3F7FE001A3D08 /* RecuperaPController.swift */,
				84AA644D21E3F90D001A3D08 /* RegistroUController.swift */,
				84AA64CD21E647A6001A3D08 /* Constantes.swift */,
				84AA64CF21E649D6001A3D08 /* Extension.swift */,
				84AA64D121E64A6D001A3D08 /* LoginViewController.swift */,
				84AA650D21E6869F001A3D08 /* SitioController.swift */,
				84AA650F21E686D9001A3D08 /* MisEmpleadosController.swift */,
				84AA651121E68734001A3D08 /* RutasCobranzaController.swift */,
			);
			path = NRF_Actividad01;
			sourceTree = "<group>";
		};
		84AA642321E3D312001A3D08 /* NRF_Actividad01Tests */ = {
			isa = PBXGroup;
			children = (
				84AA642421E3D312001A3D08 /* NRF_Actividad01Tests.swift */,
				84AA642621E3D312001A3D08 /* Info.plist */,
			);
			path = NRF_Actividad01Tests;
			sourceTree = "<group>";
		};
		84AA642E21E3D312001A3D08 /* NRF_Actividad01UITests */ = {
			isa = PBXGroup;
			children = (
				84AA642F21E3D312001A3D08 /* NRF_Actividad01UITests.swift */,
				84AA643121E3D312001A3D08 /* Info.plist */,
			);
			path = NRF_Actividad01UITests;
			sourceTree = "<group>";
		};
/* End PBXGroup section */

/* Begin PBXNativeTarget section */
		84AA640B21E3D311001A3D08 /* NRF_Actividad01 */ = {
			isa = PBXNativeTarget;
			buildConfigurationList = 84AA643421E3D312001A3D08 /* Build configuration list for PBXNativeTarget "NRF_Actividad01" */;
			buildPhases = (
				84AA640821E3D311001A3D08 /* Sources */,
				84AA640921E3D311001A3D08 /* Frameworks */,
				84AA640A21E3D311001A3D08 /* Resources */,
			);
			buildRules = (
			);
			dependencies = (
			);
			name = NRF_Actividad01;
			productName = NRF_Actividad01;
			productReference = 84AA640C21E3D311001A3D08 /* NRF_Actividad01.app */;
			productType = "com.apple.product-type.application";
		};
		84AA641F21E3D312001A3D08 /* NRF_Actividad01Tests */ = {
			isa = PBXNativeTarget;
			buildConfigurationList = 84AA643721E3D312001A3D08 /* Build configuration list for PBXNativeTarget "NRF_Actividad01Tests" */;
			buildPhases = (
				84AA641C21E3D312001A3D08 /* Sources */,
				84AA641D21E3D312001A3D08 /* Frameworks */,
				84AA641E21E3D312001A3D08 /* Resources */,
			);
			buildRules = (
			);
			dependencies = (
				84AA642221E3D312001A3D08 /* PBXTargetDependency */,
			);
			name = NRF_Actividad01Tests;
			productName = NRF_Actividad01Tests;
			productReference = 84AA642021E3D312001A3D08 /* NRF_Actividad01Tests.xctest */;
			productType = "com.apple.product-type.bundle.unit-test";
		};
		84AA642A21E3D312001A3D08 /* NRF_Actividad01UITests */ = {
			isa = PBXNativeTarget;
			buildConfigurationList = 84AA643A21E3D312001A3D08 /* Build configuration list for PBXNativeTarget "NRF_Actividad01UITests" */;
			buildPhases = (
				84AA642721E3D312001A3D08 /* Sources */,
				84AA642821E3D312001A3D08 /* Frameworks */,
				84AA642921E3D312001A3D08 /* Resources */,
			);
			buildRules = (
			);
			dependencies = (
				84AA642D21E3D312001A3D08 /* PBXTargetDependency */,
			);
			name = NRF_Actividad01UITests;
			productName = NRF_Actividad01UITests;
			productReference = 84AA642B21E3D312001A3D08 /* NRF_Actividad01UITests.xctest */;
			productType = "com.apple.product-type.bundle.ui-testing";
		};
/* End PBXNativeTarget section */

/* Begin PBXProject section */
		84AA640421E3D311001A3D08 /* Project object */ = {
			isa = PBXProject;
			attributes = {
				LastSwiftUpdateCheck = 1000;
				LastUpgradeCheck = 1000;
				ORGANIZATIONNAME = usuario;
				TargetAttributes = {
					84AA640B21E3D311001A3D08 = {
						CreatedOnToolsVersion = 10.0;
					};
					84AA641F21E3D312001A3D08 = {
						CreatedOnToolsVersion = 10.0;
						TestTargetID = 84AA640B21E3D311001A3D08;
					};
					84AA642A21E3D312001A3D08 = {
						CreatedOnToolsVersion = 10.0;
						TestTargetID = 84AA640B21E3D311001A3D08;
					};
				};
			};
			buildConfigurationList = 84AA640721E3D311001A3D08 /* Build configuration list for PBXProject "NRF_Actividad01" */;
			compatibilityVersion = "Xcode 9.3";
			developmentRegion = en;
			hasScannedForEncodings = 0;
			knownRegions = (
				en,
				Base,
			);
			mainGroup = 84AA640321E3D311001A3D08;
			productRefGroup = 84AA640D21E3D311001A3D08 /* Products */;
			projectDirPath = "";
			projectRoot = "";
			targets = (
				84AA640B21E3D311001A3D08 /* NRF_Actividad01 */,
				84AA641F21E3D312001A3D08 /* NRF_Actividad01Tests */,
				84AA642A21E3D312001A3D08 /* NRF_Actividad01UITests */,
			);
		};
/* End PBXProject section */

/* Begin PBXResourcesBuildPhase section */
		84AA640A21E3D311001A3D08 /* Resources */ = {
			isa = PBXResourcesBuildPhase;
			buildActionMask = 2147483647;
			files = (
				84AA641A21E3D312001A3D08 /* LaunchScreen.storyboard in Resources */,
				84AA641721E3D312001A3D08 /* Assets.xcassets in Resources */,
				84AA641521E3D311001A3D08 /* Main.storyboard in Resources */,
			);
			runOnlyForDeploymentPostprocessing = 0;
		};
		84AA641E21E3D312001A3D08 /* Resources */ = {
			isa = PBXResourcesBuildPhase;
			buildActionMask = 2147483647;
			files = (
			);
			runOnlyForDeploymentPostprocessing = 0;
		};
		84AA642921E3D312001A3D08 /* Resources */ = {
			isa = PBXResourcesBuildPhase;
			buildActionMask = 2147483647;
			files = (
			);
			runOnlyForDeploymentPostprocessing = 0;
		};
/* End PBXResourcesBuildPhase section */

/* Begin PBXSourcesBuildPhase section */
		84AA640821E3D311001A3D08 /* Sources */ = {
			isa = PBXSourcesBuildPhase;
			buildActionMask = 2147483647;
			files = (
				84AA64D221E64A6D001A3D08 /* LoginViewController.swift in Sources */,
				84AA644221E3DF05001A3D08 /* BaseDatos.swift in Sources */,
				84AA644021E3DE05001A3D08 /* Persona.swift in Sources */,
				84AA641221E3D311001A3D08 /* ViewController.swift in Sources */,
				84AA651021E686D9001A3D08 /* MisEmpleadosController.swift in Sources */,
				84AA650E21E6869F001A3D08 /* SitioController.swift in Sources */,
				84AA644C21E3F7FE001A3D08 /* RecuperaPController.swift in Sources */,
				84AA651221E68734001A3D08 /* RutasCobranzaController.swift in Sources */,
				84AA644E21E3F90D001A3D08 /* RegistroUController.swift in Sources */,
				84AA64CE21E647A6001A3D08 /* Constantes.swift in Sources */,
				84AA641021E3D311001A3D08 /* AppDelegate.swift in Sources */,
				84AA64D021E649D6001A3D08 /* Extension.swift in Sources */,
			);
			runOnlyForDeploymentPostprocessing = 0;
		};
		84AA641C21E3D312001A3D08 /* Sources */ = {
			isa = PBXSourcesBuildPhase;
			buildActionMask = 2147483647;
			files = (
				84AA642521E3D312001A3D08 /* NRF_Actividad01Tests.swift in Sources */,
			);
			runOnlyForDeploymentPostprocessing = 0;
		};
		84AA642721E3D312001A3D08 /* Sources */ = {
			isa = PBXSourcesBuildPhase;
			buildActionMask = 2147483647;
			files = (
				84AA643021E3D312001A3D08 /* NRF_Actividad01UITests.swift in Sources */,
			);
			runOnlyForDeploymentPostprocessing = 0;
		};
/* End PBXSourcesBuildPhase section */

/* Begin PBXTargetDependency section */
		84AA642221E3D312001A3D08 /* PBXTargetDependency */ = {
			isa = PBXTargetDependency;
			target = 84AA640B21E3D311001A3D08 /* NRF_Actividad01 */;
			targetProxy = 84AA642121E3D312001A3D08 /* PBXContainerItemProxy */;
		};
		84AA642D21E3D312001A3D08 /* PBXTargetDependency */ = {
			isa = PBXTargetDependency;
			target = 84AA640B21E3D311001A3D08 /* NRF_Actividad01 */;
			targetProxy = 84AA642C21E3D312001A3D08 /* PBXContainerItemProxy */;
		};
/* End PBXTargetDependency section */

/* Begin PBXVariantGroup section */
		84AA641321E3D311001A3D08 /* Main.storyboard */ = {
			isa = PBXVariantGroup;
			children = (
				84AA641421E3D311001A3D08 /* Base */,
			);
			name = Main.storyboard;
			sourceTree = "<group>";
		};
		84AA641821E3D312001A3D08 /* LaunchScreen.storyboard */ = {
			isa = PBXVariantGroup;
			children = (
				84AA641921E3D312001A3D08 /* Base */,
			);
			name = LaunchScreen.storyboard;
			sourceTree = "<group>";
		};
/* End PBXVariantGroup section */

/* Begin XCBuildConfiguration section */
		84AA643221E3D312001A3D08 /* Debug */ = {
			isa = XCBuildConfiguration;
			buildSettings = {
				ALWAYS_SEARCH_USER_PATHS = NO;
				CLANG_ANALYZER_NONNULL = YES;
				CLANG_ANALYZER_NUMBER_OBJECT_CONVERSION = YES_AGGRESSIVE;
				CLANG_CXX_LANGUAGE_STANDARD = "gnu++14";
				CLANG_CXX_LIBRARY = "libc++";
				CLANG_ENABLE_MODULES = YES;
				CLANG_ENABLE_OBJC_ARC = YES;
				CLANG_ENABLE_OBJC_WEAK = YES;
				CLANG_WARN_BLOCK_CAPTURE_AUTORELEASING = YES;
				CLANG_WARN_BOOL_CONVERSION = YES;
				CLANG_WARN_COMMA = YES;
				CLANG_WARN_CONSTANT_CONVERSION = YES;
				CLANG_WARN_DEPRECATED_OBJC_IMPLEMENTATIONS = YES;
				CLANG_WARN_DIRECT_OBJC_ISA_USAGE = YES_ERROR;
				CLANG_WARN_DOCUMENTATION_COMMENTS = YES;
				CLANG_WARN_EMPTY_BODY = YES;
				CLANG_WARN_ENUM_CONVERSION = YES;
				CLANG_WARN_INFINITE_RECURSION = YES;
				CLANG_WARN_INT_CONVERSION = YES;
				CLANG_WARN_NON_LITERAL_NULL_CONVERSION = YES;
				CLANG_WARN_OBJC_IMPLICIT_RETAIN_SELF = YES;
				CLANG_WARN_OBJC_LITERAL_CONVERSION = YES;
				CLANG_WARN_OBJC_ROOT_CLASS = YES_ERROR;
				CLANG_WARN_RANGE_LOOP_ANALYSIS = YES;
				CLANG_WARN_STRICT_PROTOTYPES = YES;
				CLANG_WARN_SUSPICIOUS_MOVE = YES;
				CLANG_WARN_UNGUARDED_AVAILABILITY = YES_AGGRESSIVE;
				CLANG_WARN_UNREACHABLE_CODE = YES;
				CLANG_WARN__DUPLICATE_METHOD_MATCH = YES;
				CODE_SIGN_IDENTITY = "iPhone Developer";
				COPY_PHASE_STRIP = NO;
				DEBUG_INFORMATION_FORMAT = dwarf;
				ENABLE_STRICT_OBJC_MSGSEND = YES;
				ENABLE_TESTABILITY = YES;
				GCC_C_LANGUAGE_STANDARD = gnu11;
				GCC_DYNAMIC_NO_PIC = NO;
				GCC_NO_COMMON_BLOCKS = YES;
				GCC_OPTIMIZATION_LEVEL = 0;
				GCC_PREPROCESSOR_DEFINITIONS = (
					"DEBUG=1",
					"$(inherited)",
				);
				GCC_WARN_64_TO_32_BIT_CONVERSION = YES;
				GCC_WARN_ABOUT_RETURN_TYPE = YES_ERROR;
				GCC_WARN_UNDECLARED_SELECTOR = YES;
				GCC_WARN_UNINITIALIZED_AUTOS = YES_AGGRESSIVE;
				GCC_WARN_UNUSED_FUNCTION = YES;
				GCC_WARN_UNUSED_VARIABLE = YES;
				IPHONEOS_DEPLOYMENT_TARGET = 12.0;
				MTL_ENABLE_DEBUG_INFO = INCLUDE_SOURCE;
				MTL_FAST_MATH = YES;
				ONLY_ACTIVE_ARCH = YES;
				SDKROOT = iphoneos;
				SWIFT_ACTIVE_COMPILATION_CONDITIONS = DEBUG;
				SWIFT_OPTIMIZATION_LEVEL = "-Onone";
			};
			name = Debug;
		};
		84AA643321E3D312001A3D08 /* Release */ = {
			isa = XCBuildConfiguration;
			buildSettings = {
				ALWAYS_SEARCH_USER_PATHS = NO;
				CLANG_ANALYZER_NONNULL = YES;
				CLANG_ANALYZER_NUMBER_OBJECT_CONVERSION = YES_AGGRESSIVE;
				CLANG_CXX_LANGUAGE_STANDARD = "gnu++14";
				CLANG_CXX_LIBRARY = "libc++";
				CLANG_ENABLE_MODULES = YES;
				CLANG_ENABLE_OBJC_ARC = YES;
				CLANG_ENABLE_OBJC_WEAK = YES;
				CLANG_WARN_BLOCK_CAPTURE_AUTORELEASING = YES;
				CLANG_WARN_BOOL_CONVERSION = YES;
				CLANG_WARN_COMMA = YES;
				CLANG_WARN_CONSTANT_CONVERSION = YES;
				CLANG_WARN_DEPRECATED_OBJC_IMPLEMENTATIONS = YES;
				CLANG_WARN_DIRECT_OBJC_ISA_USAGE = YES_ERROR;
				CLANG_WARN_DOCUMENTATION_COMMENTS = YES;
				CLANG_WARN_EMPTY_BODY = YES;
				CLANG_WARN_ENUM_CONVERSION = YES;
				CLANG_WARN_INFINITE_RECURSION = YES;
				CLANG_WARN_INT_CONVERSION = YES;
				CLANG_WARN_NON_LITERAL_NULL_CONVERSION = YES;
				CLANG_WARN_OBJC_IMPLICIT_RETAIN_SELF = YES;
				CLANG_WARN_OBJC_LITERAL_CONVERSION = YES;
				CLANG_WARN_OBJC_ROOT_CLASS = YES_ERROR;
				CLANG_WARN_RANGE_LOOP_ANALYSIS = YES;
				CLANG_WARN_STRICT_PROTOTYPES = YES;
				CLANG_WARN_SUSPICIOUS_MOVE = YES;
				CLANG_WARN_UNGUARDED_AVAILABILITY = YES_AGGRESSIVE;
				CLANG_WARN_UNREACHABLE_CODE = YES;
				CLANG_WARN__DUPLICATE_METHOD_MATCH = YES;
				CODE_SIGN_IDENTITY = "iPhone Developer";
				COPY_PHASE_STRIP = NO;
				DEBUG_INFORMATION_FORMAT = "dwarf-with-dsym";
				ENABLE_NS_ASSERTIONS = NO;
				ENABLE_STRICT_OBJC_MSGSEND = YES;
				GCC_C_LANGUAGE_STANDARD = gnu11;
				GCC_NO_COMMON_BLOCKS = YES;
				GCC_WARN_64_TO_32_BIT_CONVERSION = YES;
				GCC_WARN_ABOUT_RETURN_TYPE = YES_ERROR;
				GCC_WARN_UNDECLARED_SELECTOR = YES;
				GCC_WARN_UNINITIALIZED_AUTOS = YES_AGGRESSIVE;
				GCC_WARN_UNUSED_FUNCTION = YES;
				GCC_WARN_UNUSED_VARIABLE = YES;
				IPHONEOS_DEPLOYMENT_TARGET = 12.0;
				MTL_ENABLE_DEBUG_INFO = NO;
				MTL_FAST_MATH = YES;
				SDKROOT = iphoneos;
				SWIFT_COMPILATION_MODE = wholemodule;
				SWIFT_OPTIMIZATION_LEVEL = "-O";
				VALIDATE_PRODUCT = YES;
			};
			name = Release;
		};
		84AA643521E3D312001A3D08 /* Debug */ = {
			isa = XCBuildConfiguration;
			buildSettings = {
				ASSETCATALOG_COMPILER_APPICON_NAME = AppIcon;
				CODE_SIGN_STYLE = Automatic;
				INFOPLIST_FILE = NRF_Actividad01/Info.plist;
				LD_RUNPATH_SEARCH_PATHS = (
					"$(inherited)",
					"@executable_path/Frameworks",
				);
				PRODUCT_BUNDLE_IDENTIFIER = "-234.NRF-Actividad01";
				PRODUCT_NAME = "$(TARGET_NAME)";
				SWIFT_VERSION = 4.2;
				TARGETED_DEVICE_FAMILY = "1,2";
			};
			name = Debug;
		};
		84AA643621E3D312001A3D08 /* Release */ = {
			isa = XCBuildConfiguration;
			buildSettings = {
				ASSETCATALOG_COMPILER_APPICON_NAME = AppIcon;
				CODE_SIGN_STYLE = Automatic;
				INFOPLIST_FILE = NRF_Actividad01/Info.plist;
				LD_RUNPATH_SEARCH_PATHS = (
					"$(inherited)",
					"@executable_path/Frameworks",
				);
				PRODUCT_BUNDLE_IDENTIFIER = "-234.NRF-Actividad01";
				PRODUCT_NAME = "$(TARGET_NAME)";
				SWIFT_VERSION = 4.2;
				TARGETED_DEVICE_FAMILY = "1,2";
			};
			name = Release;
		};
		84AA643821E3D312001A3D08 /* Debug */ = {
			isa = XCBuildConfiguration;
			buildSettings = {
				ALWAYS_EMBED_SWIFT_STANDARD_LIBRARIES = YES;
				BUNDLE_LOADER = "$(TEST_HOST)";
				CODE_SIGN_STYLE = Automatic;
				INFOPLIST_FILE = NRF_Actividad01Tests/Info.plist;
				LD_RUNPATH_SEARCH_PATHS = (
					"$(inherited)",
					"@executable_path/Frameworks",
					"@loader_path/Frameworks",
				);
				PRODUCT_BUNDLE_IDENTIFIER = "-234.NRF-Actividad01Tests";
				PRODUCT_NAME = "$(TARGET_NAME)";
				SWIFT_VERSION = 4.2;
				TARGETED_DEVICE_FAMILY = "1,2";
				TEST_HOST = "$(BUILT_PRODUCTS_DIR)/NRF_Actividad01.app/NRF_Actividad01";
			};
			name = Debug;
		};
		84AA643921E3D312001A3D08 /* Release */ = {
			isa = XCBuildConfiguration;
			buildSettings = {
				ALWAYS_EMBED_SWIFT_STANDARD_LIBRARIES = YES;
				BUNDLE_LOADER = "$(TEST_HOST)";
				CODE_SIGN_STYLE = Automatic;
				INFOPLIST_FILE = NRF_Actividad01Tests/Info.plist;
				LD_RUNPATH_SEARCH_PATHS = (
					"$(inherited)",
					"@executable_path/Frameworks",
					"@loader_path/Frameworks",
				);
				PRODUCT_BUNDLE_IDENTIFIER = "-234.NRF-Actividad01Tests";
				PRODUCT_NAME = "$(TARGET_NAME)";
				SWIFT_VERSION = 4.2;
				TARGETED_DEVICE_FAMILY = "1,2";
				TEST_HOST = "$(BUILT_PRODUCTS_DIR)/NRF_Actividad01.app/NRF_Actividad01";
			};
			name = Release;
		};
		84AA643B21E3D312001A3D08 /* Debug */ = {
			isa = XCBuildConfiguration;
			buildSettings = {
				ALWAYS_EMBED_SWIFT_STANDARD_LIBRARIES = YES;
				CODE_SIGN_STYLE = Automatic;
				INFOPLIST_FILE = NRF_Actividad01UITests/Info.plist;
				LD_RUNPATH_SEARCH_PATHS = (
					"$(inherited)",
					"@executable_path/Frameworks",
					"@loader_path/Frameworks",
				);
				PRODUCT_BUNDLE_IDENTIFIER = "-234.NRF-Actividad01UITests";
				PRODUCT_NAME = "$(TARGET_NAME)";
				SWIFT_VERSION = 4.2;
				TARGETED_DEVICE_FAMILY = "1,2";
				TEST_TARGET_NAME = NRF_Actividad01;
			};
			name = Debug;
		};
		84AA643C21E3D312001A3D08 /* Release */ = {
			isa = XCBuildConfiguration;
			buildSettings = {
				ALWAYS_EMBED_SWIFT_STANDARD_LIBRARIES = YES;
				CODE_SIGN_STYLE = Automatic;
				INFOPLIST_FILE = NRF_Actividad01UITests/Info.plist;
				LD_RUNPATH_SEARCH_PATHS = (
					"$(inherited)",
					"@executable_path/Frameworks",
					"@loader_path/Frameworks",
				);
				PRODUCT_BUNDLE_IDENTIFIER = "-234.NRF-Actividad01UITests";
				PRODUCT_NAME = "$(TARGET_NAME)";
				SWIFT_VERSION = 4.2;
				TARGETED_DEVICE_FAMILY = "1,2";
				TEST_TARGET_NAME = NRF_Actividad01;
			};
			name = Release;
		};
/* End XCBuildConfiguration section */

/* Begin XCConfigurationList section */
		84AA640721E3D311001A3D08 /* Build configuration list for PBXProject "NRF_Actividad01" */ = {
			isa = XCConfigurationList;
			buildConfigurations = (
				84AA643221E3D312001A3D08 /* Debug */,
				84AA643321E3D312001A3D08 /* Release */,
			);
			defaultConfigurationIsVisible = 0;
			defaultConfigurationName = Release;
		};
		84AA643421E3D312001A3D08 /* Build configuration list for PBXNativeTarget "NRF_Actividad01" */ = {
			isa = XCConfigurationList;
			buildConfigurations = (
				84AA643521E3D312001A3D08 /* Debug */,
				84AA643621E3D312001A3D08 /* Release */,
			);
			defaultConfigurationIsVisible = 0;
			defaultConfigurationName = Release;
		};
		84AA643721E3D312001A3D08 /* Build configuration list for PBXNativeTarget "NRF_Actividad01Tests" */ = {
			isa = XCConfigurationList;
			buildConfigurations = (
				84AA643821E3D312001A3D08 /* Debug */,
				84AA643921E3D312001A3D08 /* Release */,
			);
			defaultConfigurationIsVisible = 0;
			defaultConfigurationName = Release;
		};
		84AA643A21E3D312001A3D08 /* Build configuration list for PBXNativeTarget "NRF_Actividad01UITests" */ = {
			isa = XCConfigurationList;
			buildConfigurations = (
				84AA643B21E3D312001A3D08 /* Debug */,
				84AA643C21E3D312001A3D08 /* Release */,
			);
			defaultConfigurationIsVisible = 0;
			defaultConfigurationName = Release;
		};
/* End XCConfigurationList section */
	};
	rootObject = 84AA640421E3D311001A3D08 /* Project object */;
}
